// !$*UTF8*$!
{
	archiveVersion = 1;
	classes = {
	};
	objectVersion = 46;
	objects = {

/* Begin PBXBuildFile section */
		2A47A3AE1E66E90D005FA1B4 /* Scene1.sks in Resources */ = {isa = PBXBuildFile; fileRef = 2A47A3AD1E66E90D005FA1B4 /* Scene1.sks */; };
		2A47A3B01E66E962005FA1B4 /* Scene1.swift in Sources */ = {isa = PBXBuildFile; fileRef = 2A47A3AF1E66E962005FA1B4 /* Scene1.swift */; };
		2A6B50811E6629E200308385 /* GameScene.sks in Resources */ = {isa = PBXBuildFile; fileRef = 2A6B507F1E6629E200308385 /* GameScene.sks */; };
		2A6B50821E6629E200308385 /* Actions.sks in Resources */ = {isa = PBXBuildFile; fileRef = 2A6B50801E6629E200308385 /* Actions.sks */; };
		2A99F9321E65E0CC005CF438 /* tune.mp3 in Resources */ = {isa = PBXBuildFile; fileRef = 2A99F9311E65E0CC005CF438 /* tune.mp3 */; };
		2ACF7B6A1E67616F00C30525 /* Sprite.swift in Sources */ = {isa = PBXBuildFile; fileRef = 2ACF7B691E67616F00C30525 /* Sprite.swift */; };
		2AE24CBD1E65D5B600A6F7B8 /* AppDelegate.swift in Sources */ = {isa = PBXBuildFile; fileRef = 2AE24CBC1E65D5B600A6F7B8 /* AppDelegate.swift */; };
		2AE24CC31E65D5B600A6F7B8 /* GameScene.swift in Sources */ = {isa = PBXBuildFile; fileRef = 2AE24CC21E65D5B600A6F7B8 /* GameScene.swift */; };
		2AE24CC51E65D5B600A6F7B8 /* GameViewController.swift in Sources */ = {isa = PBXBuildFile; fileRef = 2AE24CC41E65D5B600A6F7B8 /* GameViewController.swift */; };
		2AE24CC81E65D5B600A6F7B8 /* Main.storyboard in Resources */ = {isa = PBXBuildFile; fileRef = 2AE24CC61E65D5B600A6F7B8 /* Main.storyboard */; };
		2AE24CCA1E65D5B600A6F7B8 /* Assets.xcassets in Resources */ = {isa = PBXBuildFile; fileRef = 2AE24CC91E65D5B600A6F7B8 /* Assets.xcassets */; };
		2AE24CCD1E65D5B600A6F7B8 /* LaunchScreen.storyboard in Resources */ = {isa = PBXBuildFile; fileRef = 2AE24CCB1E65D5B600A6F7B8 /* LaunchScreen.storyboard */; };
		2AE24CD81E65D5B600A6F7B8 /* DiscoveryChallengeTests.swift in Sources */ = {isa = PBXBuildFile; fileRef = 2AE24CD71E65D5B600A6F7B8 /* DiscoveryChallengeTests.swift */; };
		2AE24CE31E65D5B600A6F7B8 /* DiscoveryChallengeUITests.swift in Sources */ = {isa = PBXBuildFile; fileRef = 2AE24CE21E65D5B600A6F7B8 /* DiscoveryChallengeUITests.swift */; };
		F3624A881E66F812005C7C3A /* TextToSpeech.swift in Sources */ = {isa = PBXBuildFile; fileRef = F3624A871E66F812005C7C3A /* TextToSpeech.swift */; };
/* End PBXBuildFile section */

/* Begin PBXContainerItemProxy section */
		2AE24CD41E65D5B600A6F7B8 /* PBXContainerItemProxy */ = {
			isa = PBXContainerItemProxy;
			containerPortal = 2AE24CB11E65D5B600A6F7B8 /* Project object */;
			proxyType = 1;
			remoteGlobalIDString = 2AE24CB81E65D5B600A6F7B8;
			remoteInfo = DiscoveryChallenge;
		};
		2AE24CDF1E65D5B600A6F7B8 /* PBXContainerItemProxy */ = {
			isa = PBXContainerItemProxy;
			containerPortal = 2AE24CB11E65D5B600A6F7B8 /* Project object */;
			proxyType = 1;
			remoteGlobalIDString = 2AE24CB81E65D5B600A6F7B8;
			remoteInfo = DiscoveryChallenge;
		};
/* End PBXContainerItemProxy section */

/* Begin PBXFileReference section */
		2A47A3AD1E66E90D005FA1B4 /* Scene1.sks */ = {isa = PBXFileReference; lastKnownFileType = file.sks; path = Scene1.sks; sourceTree = "<group>"; };
		2A47A3AF1E66E962005FA1B4 /* Scene1.swift */ = {isa = PBXFileReference; fileEncoding = 4; lastKnownFileType = sourcecode.swift; path = Scene1.swift; sourceTree = "<group>"; };
		2A6B507F1E6629E200308385 /* GameScene.sks */ = {isa = PBXFileReference; lastKnownFileType = file.sks; path = GameScene.sks; sourceTree = "<group>"; };
		2A6B50801E6629E200308385 /* Actions.sks */ = {isa = PBXFileReference; lastKnownFileType = file.sks; path = Actions.sks; sourceTree = "<group>"; };
		2A99F9311E65E0CC005CF438 /* tune.mp3 */ = {isa = PBXFileReference; lastKnownFileType = audio.mp3; path = tune.mp3; sourceTree = "<group>"; };
		2ACF7B691E67616F00C30525 /* Sprite.swift */ = {isa = PBXFileReference; fileEncoding = 4; lastKnownFileType = sourcecode.swift; path = Sprite.swift; sourceTree = "<group>"; };
		2AE24CB91E65D5B600A6F7B8 /* DiscoveryChallenge.app */ = {isa = PBXFileReference; explicitFileType = wrapper.application; includeInIndex = 0; path = DiscoveryChallenge.app; sourceTree = BUILT_PRODUCTS_DIR; };
		2AE24CBC1E65D5B600A6F7B8 /* AppDelegate.swift */ = {isa = PBXFileReference; lastKnownFileType = sourcecode.swift; path = AppDelegate.swift; sourceTree = "<group>"; };
		2AE24CC21E65D5B600A6F7B8 /* GameScene.swift */ = {isa = PBXFileReference; lastKnownFileType = sourcecode.swift; path = GameScene.swift; sourceTree = "<group>"; };
		2AE24CC41E65D5B600A6F7B8 /* GameViewController.swift */ = {isa = PBXFileReference; lastKnownFileType = sourcecode.swift; path = GameViewController.swift; sourceTree = "<group>"; };
		2AE24CC71E65D5B600A6F7B8 /* Base */ = {isa = PBXFileReference; lastKnownFileType = file.storyboard; name = Base; path = Base.lproj/Main.storyboard; sourceTree = "<group>"; };
		2AE24CC91E65D5B600A6F7B8 /* Assets.xcassets */ = {isa = PBXFileReference; lastKnownFileType = folder.assetcatalog; path = Assets.xcassets; sourceTree = "<group>"; };
		2AE24CCC1E65D5B600A6F7B8 /* Base */ = {isa = PBXFileReference; lastKnownFileType = file.storyboard; name = Base; path = Base.lproj/LaunchScreen.storyboard; sourceTree = "<group>"; };
		2AE24CCE1E65D5B600A6F7B8 /* Info.plist */ = {isa = PBXFileReference; lastKnownFileType = text.plist.xml; path = Info.plist; sourceTree = "<group>"; };
		2AE24CD31E65D5B600A6F7B8 /* DiscoveryChallengeTests.xctest */ = {isa = PBXFileReference; explicitFileType = wrapper.cfbundle; includeInIndex = 0; path = DiscoveryChallengeTests.xctest; sourceTree = BUILT_PRODUCTS_DIR; };
		2AE24CD71E65D5B600A6F7B8 /* DiscoveryChallengeTests.swift */ = {isa = PBXFileReference; lastKnownFileType = sourcecode.swift; path = DiscoveryChallengeTests.swift; sourceTree = "<group>"; };
		2AE24CD91E65D5B600A6F7B8 /* Info.plist */ = {isa = PBXFileReference; lastKnownFileType = text.plist.xml; path = Info.plist; sourceTree = "<group>"; };
		2AE24CDE1E65D5B600A6F7B8 /* DiscoveryChallengeUITests.xctest */ = {isa = PBXFileReference; explicitFileType = wrapper.cfbundle; includeInIndex = 0; path = DiscoveryChallengeUITests.xctest; sourceTree = BUILT_PRODUCTS_DIR; };
		2AE24CE21E65D5B600A6F7B8 /* DiscoveryChallengeUITests.swift */ = {isa = PBXFileReference; lastKnownFileType = sourcecode.swift; path = DiscoveryChallengeUITests.swift; sourceTree = "<group>"; };
		2AE24CE41E65D5B600A6F7B8 /* Info.plist */ = {isa = PBXFileReference; lastKnownFileType = text.plist.xml; path = Info.plist; sourceTree = "<group>"; };
		F3624A871E66F812005C7C3A /* TextToSpeech.swift */ = {isa = PBXFileReference; fileEncoding = 4; lastKnownFileType = sourcecode.swift; path = TextToSpeech.swift; sourceTree = "<group>"; };
/* End PBXFileReference section */

/* Begin PBXFrameworksBuildPhase section */
		2AE24CB61E65D5B600A6F7B8 /* Frameworks */ = {
			isa = PBXFrameworksBuildPhase;
			buildActionMask = 2147483647;
			files = (
			);
			runOnlyForDeploymentPostprocessing = 0;
		};
		2AE24CD01E65D5B600A6F7B8 /* Frameworks */ = {
			isa = PBXFrameworksBuildPhase;
			buildActionMask = 2147483647;
			files = (
			);
			runOnlyForDeploymentPostprocessing = 0;
		};
		2AE24CDB1E65D5B600A6F7B8 /* Frameworks */ = {
			isa = PBXFrameworksBuildPhase;
			buildActionMask = 2147483647;
			files = (
			);
			runOnlyForDeploymentPostprocessing = 0;
		};
/* End PBXFrameworksBuildPhase section */

/* Begin PBXGroup section */
		2A99F9301E65E096005CF438 /* Sounds */ = {
			isa = PBXGroup;
			children = (
				2A99F9311E65E0CC005CF438 /* tune.mp3 */,
			);
			name = Sounds;
			sourceTree = "<group>";
		};
		2AE24CB01E65D5B600A6F7B8 = {
			isa = PBXGroup;
			children = (
				2AE24CBB1E65D5B600A6F7B8 /* DiscoveryChallenge */,
				2AE24CD61E65D5B600A6F7B8 /* DiscoveryChallengeTests */,
				2AE24CE11E65D5B600A6F7B8 /* DiscoveryChallengeUITests */,
				2AE24CBA1E65D5B600A6F7B8 /* Products */,
			);
			sourceTree = "<group>";
		};
		2AE24CBA1E65D5B600A6F7B8 /* Products */ = {
			isa = PBXGroup;
			children = (
				2AE24CB91E65D5B600A6F7B8 /* DiscoveryChallenge.app */,
				2AE24CD31E65D5B600A6F7B8 /* DiscoveryChallengeTests.xctest */,
				2AE24CDE1E65D5B600A6F7B8 /* DiscoveryChallengeUITests.xctest */,
			);
			name = Products;
			sourceTree = "<group>";
		};
		2AE24CBB1E65D5B600A6F7B8 /* DiscoveryChallenge */ = {
			isa = PBXGroup;
			children = (
				2A99F9301E65E096005CF438 /* Sounds */,
				2A6B507F1E6629E200308385 /* GameScene.sks */,
				2A6B50801E6629E200308385 /* Actions.sks */,
				2AE24CBC1E65D5B600A6F7B8 /* AppDelegate.swift */,
				2AE24CC21E65D5B600A6F7B8 /* GameScene.swift */,
				F3624A861E66F7F6005C7C3A /* Utils */,
				2AE24CC41E65D5B600A6F7B8 /* GameViewController.swift */,
				2AE24CC61E65D5B600A6F7B8 /* Main.storyboard */,
				2AE24CC91E65D5B600A6F7B8 /* Assets.xcassets */,
				2AE24CCB1E65D5B600A6F7B8 /* LaunchScreen.storyboard */,
				2AE24CCE1E65D5B600A6F7B8 /* Info.plist */,
				2A47A3AD1E66E90D005FA1B4 /* Scene1.sks */,
				2A47A3AF1E66E962005FA1B4 /* Scene1.swift */,
			);
			path = DiscoveryChallenge;
			sourceTree = "<group>";
		};
		2AE24CD61E65D5B600A6F7B8 /* DiscoveryChallengeTests */ = {
			isa = PBXGroup;
			children = (
				2AE24CD71E65D5B600A6F7B8 /* DiscoveryChallengeTests.swift */,
				2AE24CD91E65D5B600A6F7B8 /* Info.plist */,
			);
			path = DiscoveryChallengeTests;
			sourceTree = "<group>";
		};
		2AE24CE11E65D5B600A6F7B8 /* DiscoveryChallengeUITests */ = {
			isa = PBXGroup;
			children = (
				2AE24CE21E65D5B600A6F7B8 /* DiscoveryChallengeUITests.swift */,
				2AE24CE41E65D5B600A6F7B8 /* Info.plist */,
			);
			path = DiscoveryChallengeUITests;
			sourceTree = "<group>";
		};
		F3624A861E66F7F6005C7C3A /* Utils */ = {
			isa = PBXGroup;
			children = (
				F3624A871E66F812005C7C3A /* TextToSpeech.swift */,
				2ACF7B691E67616F00C30525 /* Sprite.swift */,
			);
			name = Utils;
			sourceTree = "<group>";
		};
/* End PBXGroup section */

/* Begin PBXNativeTarget section */
		2AE24CB81E65D5B600A6F7B8 /* DiscoveryChallenge */ = {
			isa = PBXNativeTarget;
			buildConfigurationList = 2AE24CE71E65D5B600A6F7B8 /* Build configuration list for PBXNativeTarget "DiscoveryChallenge" */;
			buildPhases = (
				2AE24CB51E65D5B600A6F7B8 /* Sources */,
				2AE24CB61E65D5B600A6F7B8 /* Frameworks */,
				2AE24CB71E65D5B600A6F7B8 /* Resources */,
			);
			buildRules = (
			);
			dependencies = (
			);
			name = DiscoveryChallenge;
			productName = DiscoveryChallenge;
			productReference = 2AE24CB91E65D5B600A6F7B8 /* DiscoveryChallenge.app */;
			productType = "com.apple.product-type.application";
		};
		2AE24CD21E65D5B600A6F7B8 /* DiscoveryChallengeTests */ = {
			isa = PBXNativeTarget;
			buildConfigurationList = 2AE24CEA1E65D5B600A6F7B8 /* Build configuration list for PBXNativeTarget "DiscoveryChallengeTests" */;
			buildPhases = (
				2AE24CCF1E65D5B600A6F7B8 /* Sources */,
				2AE24CD01E65D5B600A6F7B8 /* Frameworks */,
				2AE24CD11E65D5B600A6F7B8 /* Resources */,
			);
			buildRules = (
			);
			dependencies = (
				2AE24CD51E65D5B600A6F7B8 /* PBXTargetDependency */,
			);
			name = DiscoveryChallengeTests;
			productName = DiscoveryChallengeTests;
			productReference = 2AE24CD31E65D5B600A6F7B8 /* DiscoveryChallengeTests.xctest */;
			productType = "com.apple.product-type.bundle.unit-test";
		};
		2AE24CDD1E65D5B600A6F7B8 /* DiscoveryChallengeUITests */ = {
			isa = PBXNativeTarget;
			buildConfigurationList = 2AE24CED1E65D5B600A6F7B8 /* Build configuration list for PBXNativeTarget "DiscoveryChallengeUITests" */;
			buildPhases = (
				2AE24CDA1E65D5B600A6F7B8 /* Sources */,
				2AE24CDB1E65D5B600A6F7B8 /* Frameworks */,
				2AE24CDC1E65D5B600A6F7B8 /* Resources */,
			);
			buildRules = (
			);
			dependencies = (
				2AE24CE01E65D5B600A6F7B8 /* PBXTargetDependency */,
			);
			name = DiscoveryChallengeUITests;
			productName = DiscoveryChallengeUITests;
			productReference = 2AE24CDE1E65D5B600A6F7B8 /* DiscoveryChallengeUITests.xctest */;
			productType = "com.apple.product-type.bundle.ui-testing";
		};
/* End PBXNativeTarget section */

/* Begin PBXProject section */
		2AE24CB11E65D5B600A6F7B8 /* Project object */ = {
			isa = PBXProject;
			attributes = {
				LastSwiftUpdateCheck = 0820;
				LastUpgradeCheck = 0820;
				ORGANIZATIONNAME = "Alberto Volpe";
				TargetAttributes = {
					2AE24CB81E65D5B600A6F7B8 = {
						CreatedOnToolsVersion = 8.2.1;
						DevelopmentTeam = 537Z9XA2B6;
						ProvisioningStyle = Automatic;
					};
					2AE24CD21E65D5B600A6F7B8 = {
						CreatedOnToolsVersion = 8.2.1;
						ProvisioningStyle = Automatic;
						TestTargetID = 2AE24CB81E65D5B600A6F7B8;
					};
					2AE24CDD1E65D5B600A6F7B8 = {
						CreatedOnToolsVersion = 8.2.1;
						ProvisioningStyle = Automatic;
						TestTargetID = 2AE24CB81E65D5B600A6F7B8;
					};
				};
			};
			buildConfigurationList = 2AE24CB41E65D5B600A6F7B8 /* Build configuration list for PBXProject "DiscoveryChallenge" */;
			compatibilityVersion = "Xcode 3.2";
			developmentRegion = English;
			hasScannedForEncodings = 0;
			knownRegions = (
				en,
				Base,
			);
			mainGroup = 2AE24CB01E65D5B600A6F7B8;
			productRefGroup = 2AE24CBA1E65D5B600A6F7B8 /* Products */;
			projectDirPath = "";
			projectRoot = "";
			targets = (
				2AE24CB81E65D5B600A6F7B8 /* DiscoveryChallenge */,
				2AE24CD21E65D5B600A6F7B8 /* DiscoveryChallengeTests */,
				2AE24CDD1E65D5B600A6F7B8 /* DiscoveryChallengeUITests */,
			);
		};
/* End PBXProject section */

/* Begin PBXResourcesBuildPhase section */
		2AE24CB71E65D5B600A6F7B8 /* Resources */ = {
			isa = PBXResourcesBuildPhase;
			buildActionMask = 2147483647;
			files = (
				2A47A3AE1E66E90D005FA1B4 /* Scene1.sks in Resources */,
				2AE24CC81E65D5B600A6F7B8 /* Main.storyboard in Resources */,
				2A6B50821E6629E200308385 /* Actions.sks in Resources */,
				2A6B50811E6629E200308385 /* GameScene.sks in Resources */,
				2AE24CCA1E65D5B600A6F7B8 /* Assets.xcassets in Resources */,
				2A99F9321E65E0CC005CF438 /* tune.mp3 in Resources */,
				2AE24CCD1E65D5B600A6F7B8 /* LaunchScreen.storyboard in Resources */,
			);
			runOnlyForDeploymentPostprocessing = 0;
		};
		2AE24CD11E65D5B600A6F7B8 /* Resources */ = {
			isa = PBXResourcesBuildPhase;
			buildActionMask = 2147483647;
			files = (
			);
			runOnlyForDeploymentPostprocessing = 0;
		};
		2AE24CDC1E65D5B600A6F7B8 /* Resources */ = {
			isa = PBXResourcesBuildPhase;
			buildActionMask = 2147483647;
			files = (
			);
			runOnlyForDeploymentPostprocessing = 0;
		};
/* End PBXResourcesBuildPhase section */

/* Begin PBXSourcesBuildPhase section */
		2AE24CB51E65D5B600A6F7B8 /* Sources */ = {
			isa = PBXSourcesBuildPhase;
			buildActionMask = 2147483647;
			files = (
				2AE24CC31E65D5B600A6F7B8 /* GameScene.swift in Sources */,
				F3624A881E66F812005C7C3A /* TextToSpeech.swift in Sources */,
				2AE24CC51E65D5B600A6F7B8 /* GameViewController.swift in Sources */,
				2A47A3B01E66E962005FA1B4 /* Scene1.swift in Sources */,
				2AE24CBD1E65D5B600A6F7B8 /* AppDelegate.swift in Sources */,
				2ACF7B6A1E67616F00C30525 /* Sprite.swift in Sources */,
			);
			runOnlyForDeploymentPostprocessing = 0;
		};
		2AE24CCF1E65D5B600A6F7B8 /* Sources */ = {
			isa = PBXSourcesBuildPhase;
			buildActionMask = 2147483647;
			files = (
				2AE24CD81E65D5B600A6F7B8 /* DiscoveryChallengeTests.swift in Sources */,
			);
			runOnlyForDeploymentPostprocessing = 0;
		};
		2AE24CDA1E65D5B600A6F7B8 /* Sources */ = {
			isa = PBXSourcesBuildPhase;
			buildActionMask = 2147483647;
			files = (
				2AE24CE31E65D5B600A6F7B8 /* DiscoveryChallengeUITests.swift in Sources */,
			);
			runOnlyForDeploymentPostprocessing = 0;
		};
/* End PBXSourcesBuildPhase section */

/* Begin PBXTargetDependency section */
		2AE24CD51E65D5B600A6F7B8 /* PBXTargetDependency */ = {
			isa = PBXTargetDependency;
			target = 2AE24CB81E65D5B600A6F7B8 /* DiscoveryChallenge */;
			targetProxy = 2AE24CD41E65D5B600A6F7B8 /* PBXContainerItemProxy */;
		};
		2AE24CE01E65D5B600A6F7B8 /* PBXTargetDependency */ = {
			isa = PBXTargetDependency;
			target = 2AE24CB81E65D5B600A6F7B8 /* DiscoveryChallenge */;
			targetProxy = 2AE24CDF1E65D5B600A6F7B8 /* PBXContainerItemProxy */;
		};
/* End PBXTargetDependency section */

/* Begin PBXVariantGroup section */
		2AE24CC61E65D5B600A6F7B8 /* Main.storyboard */ = {
			isa = PBXVariantGroup;
			children = (
				2AE24CC71E65D5B600A6F7B8 /* Base */,
			);
			name = Main.storyboard;
			sourceTree = "<group>";
		};
		2AE24CCB1E65D5B600A6F7B8 /* LaunchScreen.storyboard */ = {
			isa = PBXVariantGroup;
			children = (
				2AE24CCC1E65D5B600A6F7B8 /* Base */,
			);
			name = LaunchScreen.storyboard;
			sourceTree = "<group>";
		};
/* End PBXVariantGroup section */

/* Begin XCBuildConfiguration section */
		2AE24CE51E65D5B600A6F7B8 /* Debug */ = {
			isa = XCBuildConfiguration;
			buildSettings = {
				ALWAYS_SEARCH_USER_PATHS = NO;
				CLANG_ANALYZER_NONNULL = YES;
				CLANG_CXX_LANGUAGE_STANDARD = "gnu++0x";
				CLANG_CXX_LIBRARY = "libc++";
				CLANG_ENABLE_MODULES = YES;
				CLANG_ENABLE_OBJC_ARC = YES;
				CLANG_WARN_BOOL_CONVERSION = YES;
				CLANG_WARN_CONSTANT_CONVERSION = YES;
				CLANG_WARN_DIRECT_OBJC_ISA_USAGE = YES_ERROR;
				CLANG_WARN_DOCUMENTATION_COMMENTS = YES;
				CLANG_WARN_EMPTY_BODY = YES;
				CLANG_WARN_ENUM_CONVERSION = YES;
				CLANG_WARN_INFINITE_RECURSION = YES;
				CLANG_WARN_INT_CONVERSION = YES;
				CLANG_WARN_OBJC_ROOT_CLASS = YES_ERROR;
				CLANG_WARN_SUSPICIOUS_MOVE = YES;
				CLANG_WARN_UNREACHABLE_CODE = YES;
				CLANG_WARN__DUPLICATE_METHOD_MATCH = YES;
				"CODE_SIGN_IDENTITY[sdk=iphoneos*]" = "iPhone Developer";
				COPY_PHASE_STRIP = NO;
				DEBUG_INFORMATION_FORMAT = dwarf;
				ENABLE_STRICT_OBJC_MSGSEND = YES;
				ENABLE_TESTABILITY = YES;
				GCC_C_LANGUAGE_STANDARD = gnu99;
				GCC_DYNAMIC_NO_PIC = NO;
				GCC_NO_COMMON_BLOCKS = YES;
				GCC_OPTIMIZATION_LEVEL = 0;
				GCC_PREPROCESSOR_DEFINITIONS = (
					"DEBUG=1",
					"$(inherited)",
				);
				GCC_WARN_64_TO_32_BIT_CONVERSION = YES;
				GCC_WARN_ABOUT_RETURN_TYPE = YES_ERROR;
				GCC_WARN_UNDECLARED_SELECTOR = YES;
				GCC_WARN_UNINITIALIZED_AUTOS = YES_AGGRESSIVE;
				GCC_WARN_UNUSED_FUNCTION = YES;
				GCC_WARN_UNUSED_VARIABLE = YES;
				IPHONEOS_DEPLOYMENT_TARGET = 10.2;
				MTL_ENABLE_DEBUG_INFO = YES;
				ONLY_ACTIVE_ARCH = YES;
				SDKROOT = iphoneos;
				SWIFT_ACTIVE_COMPILATION_CONDITIONS = DEBUG;
				SWIFT_OPTIMIZATION_LEVEL = "-Onone";
				TARGETED_DEVICE_FAMILY = 2;
			};
			name = Debug;
		};
		2AE24CE61E65D5B600A6F7B8 /* Release */ = {
			isa = XCBuildConfiguration;
			buildSettings = {
				ALWAYS_SEARCH_USER_PATHS = NO;
				CLANG_ANALYZER_NONNULL = YES;
				CLANG_CXX_LANGUAGE_STANDARD = "gnu++0x";
				CLANG_CXX_LIBRARY = "libc++";
				CLANG_ENABLE_MODULES = YES;
				CLANG_ENABLE_OBJC_ARC = YES;
				CLANG_WARN_BOOL_CONVERSION = YES;
				CLANG_WARN_CONSTANT_CONVERSION = YES;
				CLANG_WARN_DIRECT_OBJC_ISA_USAGE = YES_ERROR;
				CLANG_WARN_DOCUMENTATION_COMMENTS = YES;
				CLANG_WARN_EMPTY_BODY = YES;
				CLANG_WARN_ENUM_CONVERSION = YES;
				CLANG_WARN_INFINITE_RECURSION = YES;
				CLANG_WARN_INT_CONVERSION = YES;
				CLANG_WARN_OBJC_ROOT_CLASS = YES_ERROR;
				CLANG_WARN_SUSPICIOUS_MOVE = YES;
				CLANG_WARN_UNREACHABLE_CODE = YES;
				CLANG_WARN__DUPLICATE_METHOD_MATCH = YES;
				"CODE_SIGN_IDENTITY[sdk=iphoneos*]" = "iPhone Developer";
				COPY_PHASE_STRIP = NO;
				DEBUG_INFORMATION_FORMAT = "dwarf-with-dsym";
				ENABLE_NS_ASSERTIONS = NO;
				ENABLE_STRICT_OBJC_MSGSEND = YES;
				GCC_C_LANGUAGE_STANDARD = gnu99;
				GCC_NO_COMMON_BLOCKS = YES;
				GCC_WARN_64_TO_32_BIT_CONVERSION = YES;
				GCC_WARN_ABOUT_RETURN_TYPE = YES_ERROR;
				GCC_WARN_UNDECLARED_SELECTOR = YES;
				GCC_WARN_UNINITIALIZED_AUTOS = YES_AGGRESSIVE;
				GCC_WARN_UNUSED_FUNCTION = YES;
				GCC_WARN_UNUSED_VARIABLE = YES;
				IPHONEOS_DEPLOYMENT_TARGET = 10.2;
				MTL_ENABLE_DEBUG_INFO = NO;
				SDKROOT = iphoneos;
				SWIFT_OPTIMIZATION_LEVEL = "-Owholemodule";
				TARGETED_DEVICE_FAMILY = 2;
				VALIDATE_PRODUCT = YES;
			};
			name = Release;
		};
		2AE24CE81E65D5B600A6F7B8 /* Debug */ = {
			isa = XCBuildConfiguration;
			buildSettings = {
				ASSETCATALOG_COMPILER_APPICON_NAME = AppIcon;
				DEVELOPMENT_TEAM = 537Z9XA2B6;
				INFOPLIST_FILE = DiscoveryChallenge/Info.plist;
				IPHONEOS_DEPLOYMENT_TARGET = 9.3;
				LD_RUNPATH_SEARCH_PATHS = "$(inherited) @executable_path/Frameworks";
				PRODUCT_BUNDLE_IDENTIFIER = com.albertovolpe.DiscoveryChallenge.second;
				PRODUCT_NAME = "$(TARGET_NAME)";
				SWIFT_VERSION = 3.0;
			};
			name = Debug;
		};
		2AE24CE91E65D5B600A6F7B8 /* Release */ = {
			isa = XCBuildConfiguration;
			buildSettings = {
				ASSETCATALOG_COMPILER_APPICON_NAME = AppIcon;
				DEVELOPMENT_TEAM = 537Z9XA2B6;
				INFOPLIST_FILE = DiscoveryChallenge/Info.plist;
				IPHONEOS_DEPLOYMENT_TARGET = 9.3;
				LD_RUNPATH_SEARCH_PATHS = "$(inherited) @executable_path/Frameworks";
				PRODUCT_BUNDLE_IDENTIFIER = com.albertovolpe.DiscoveryChallenge.second;
				PRODUCT_NAME = "$(TARGET_NAME)";
				SWIFT_VERSION = 3.0;
			};
			name = Release;
		};
		2AE24CEB1E65D5B600A6F7B8 /* Debug */ = {
			isa = XCBuildConfiguration;
			buildSettings = {
				ALWAYS_EMBED_SWIFT_STANDARD_LIBRARIES = YES;
				BUNDLE_LOADER = "$(TEST_HOST)";
				INFOPLIST_FILE = DiscoveryChallengeTests/Info.plist;
				LD_RUNPATH_SEARCH_PATHS = "$(inherited) @executable_path/Frameworks @loader_path/Frameworks";
				PRODUCT_BUNDLE_IDENTIFIER = com.albertovolpe.DiscoveryChallengeTests;
				PRODUCT_NAME = "$(TARGET_NAME)";
				SWIFT_VERSION = 3.0;
				TEST_HOST = "$(BUILT_PRODUCTS_DIR)/DiscoveryChallenge.app/DiscoveryChallenge";
			};
			name = Debug;
		};
		2AE24CEC1E65D5B600A6F7B8 /* Release */ = {
			isa = XCBuildConfiguration;
			buildSettings = {
				ALWAYS_EMBED_SWIFT_STANDARD_LIBRARIES = YES;
				BUNDLE_LOADER = "$(TEST_HOST)";
				INFOPLIST_FILE = DiscoveryChallengeTests/Info.plist;
				LD_RUNPATH_SEARCH_PATHS = "$(inherited) @executable_path/Frameworks @loader_path/Frameworks";
				PRODUCT_BUNDLE_IDENTIFIER = com.albertovolpe.DiscoveryChallengeTests;
				PRODUCT_NAME = "$(TARGET_NAME)";
				SWIFT_VERSION = 3.0;
				TEST_HOST = "$(BUILT_PRODUCTS_DIR)/DiscoveryChallenge.app/DiscoveryChallenge";
			};
			name = Release;
		};
		2AE24CEE1E65D5B600A6F7B8 /* Debug */ = {
			isa = XCBuildConfiguration;
			buildSettings = {
				ALWAYS_EMBED_SWIFT_STANDARD_LIBRARIES = YES;
				INFOPLIST_FILE = DiscoveryChallengeUITests/Info.plist;
				LD_RUNPATH_SEARCH_PATHS = "$(inherited) @executable_path/Frameworks @loader_path/Frameworks";
				PRODUCT_BUNDLE_IDENTIFIER = com.albertovolpe.DiscoveryChallengeUITests;
				PRODUCT_NAME = "$(TARGET_NAME)";
				SWIFT_VERSION = 3.0;
				TEST_TARGET_NAME = DiscoveryChallenge;
			};
			name = Debug;
		};
		2AE24CEF1E65D5B600A6F7B8 /* Release */ = {
			isa = XCBuildConfiguration;
			buildSettings = {
				ALWAYS_EMBED_SWIFT_STANDARD_LIBRARIES = YES;
				INFOPLIST_FILE = DiscoveryChallengeUITests/Info.plist;
				LD_RUNPATH_SEARCH_PATHS = "$(inherited) @executable_path/Frameworks @loader_path/Frameworks";
				PRODUCT_BUNDLE_IDENTIFIER = com.albertovolpe.DiscoveryChallengeUITests;
				PRODUCT_NAME = "$(TARGET_NAME)";
				SWIFT_VERSION = 3.0;
				TEST_TARGET_NAME = DiscoveryChallenge;
			};
			name = Release;
		};
/* End XCBuildConfiguration section */

/* Begin XCConfigurationList section */
		2AE24CB41E65D5B600A6F7B8 /* Build configuration list for PBXProject "DiscoveryChallenge" */ = {
			isa = XCConfigurationList;
			buildConfigurations = (
				2AE24CE51E65D5B600A6F7B8 /* Debug */,
				2AE24CE61E65D5B600A6F7B8 /* Release */,
			);
			defaultConfigurationIsVisible = 0;
			defaultConfigurationName = Release;
		};
		2AE24CE71E65D5B600A6F7B8 /* Build configuration list for PBXNativeTarget "DiscoveryChallenge" */ = {
			isa = XCConfigurationList;
			buildConfigurations = (
				2AE24CE81E65D5B600A6F7B8 /* Debug */,
				2AE24CE91E65D5B600A6F7B8 /* Release */,
			);
			defaultConfigurationIsVisible = 0;
			defaultConfigurationName = Release;
		};
		2AE24CEA1E65D5B600A6F7B8 /* Build configuration list for PBXNativeTarget "DiscoveryChallengeTests" */ = {
			isa = XCConfigurationList;
			buildConfigurations = (
				2AE24CEB1E65D5B600A6F7B8 /* Debug */,
				2AE24CEC1E65D5B600A6F7B8 /* Release */,
			);
			defaultConfigurationIsVisible = 0;
			defaultConfigurationName = Release;
		};
		2AE24CED1E65D5B600A6F7B8 /* Build configuration list for PBXNativeTarget "DiscoveryChallengeUITests" */ = {
			isa = XCConfigurationList;
			buildConfigurations = (
				2AE24CEE1E65D5B600A6F7B8 /* Debug */,
				2AE24CEF1E65D5B600A6F7B8 /* Release */,
			);
			defaultConfigurationIsVisible = 0;
			defaultConfigurationName = Release;
		};
/* End XCConfigurationList section */
	};
	rootObject = 2AE24CB11E65D5B600A6F7B8 /* Project object */;
}
